{
  "name": "grudu-react-course-final-task",
  "lockfileVersion": 3,
  "requires": true,
  "packages": {
    "": {
      "dependencies": {
        "json-server": "^1.0.0-beta.3"
      }
    },
    "node_modules/@polka/url": {
      "version": "1.0.0-next.29",
      "resolved": "https://snapshotrepo.wsgc.com:443/artifactory/api/npm/wsgc-npm/@polka/url/-/url-1.0.0-next.29.tgz",
      "integrity": "sha1-WkAQmhq1+E1v2PySixnzZ8vn57E=",
      "license": "MIT"
    },
    "node_modules/@tinyhttp/accepts": {
      "version": "2.2.3",
      "resolved": "https://snapshotrepo.wsgc.com:443/artifactory/api/npm/wsgc-npm/@tinyhttp/accepts/-/accepts-2.2.3.tgz",
      "integrity": "sha1-vnYBIG7tqL2DUK2CojB4CO/LeDE=",
      "license": "MIT",
      "dependencies": {
        "mime": "4.0.4",
        "negotiator": "^0.6.3"
      },
      "engines": {
        "node": ">=12.20.0"
      },
      "funding": {
        "type": "individual",
        "url": "https://github.com/tinyhttp/tinyhttp?sponsor=1"
      }
    },
    "node_modules/@tinyhttp/app": {
      "version": "2.5.2",
      "resolved": "https://snapshotrepo.wsgc.com:443/artifactory/api/npm/wsgc-npm/@tinyhttp/app/-/app-2.5.2.tgz",
      "integrity": "sha1-Qdf0I3Wrbf6ZCEJZY4scveoPfHU=",
      "license": "MIT",
      "dependencies": {
        "@tinyhttp/cookie": "2.1.1",
        "@tinyhttp/proxy-addr": "2.2.1",
        "@tinyhttp/req": "2.2.5",
        "@tinyhttp/res": "2.2.5",
        "@tinyhttp/router": "2.2.3",
        "header-range-parser": "1.1.3",
        "regexparam": "^2.0.2"
      },
      "engines": {
        "node": ">=14.21.3"
      },
      "funding": {
        "type": "individual",
        "url": "https://github.com/tinyhttp/tinyhttp?sponsor=1"
      }
    },
    "node_modules/@tinyhttp/content-disposition": {
      "version": "2.2.2",
      "resolved": "https://snapshotrepo.wsgc.com:443/artifactory/api/npm/wsgc-npm/@tinyhttp/content-disposition/-/content-disposition-2.2.2.tgz",
      "integrity": "sha1-EgfRi91Z4c047PJJPuGH9PWS6+c=",
      "license": "MIT",
      "engines": {
        "node": ">=12.20.0"
      },
      "funding": {
        "type": "individual",
        "url": "https://github.com/tinyhttp/tinyhttp?sponsor=1"
      }
    },
    "node_modules/@tinyhttp/content-type": {
      "version": "0.1.4",
      "resolved": "https://snapshotrepo.wsgc.com:443/artifactory/api/npm/wsgc-npm/@tinyhttp/content-type/-/content-type-0.1.4.tgz",
      "integrity": "sha1-ESvOO1ZCE+DtQ/p2/MykI3vjpjQ=",
      "license": "MIT",
      "engines": {
        "node": ">=12.4"
      }
    },
    "node_modules/@tinyhttp/cookie": {
      "version": "2.1.1",
      "resolved": "https://snapshotrepo.wsgc.com:443/artifactory/api/npm/wsgc-npm/@tinyhttp/cookie/-/cookie-2.1.1.tgz",
      "integrity": "sha1-UK1mT3MjV6RmoUzciI6I6A3DRA4=",
      "license": "MIT",
      "engines": {
        "node": ">=12.20.0"
      },
      "funding": {
        "type": "individual",
        "url": "https://github.com/tinyhttp/tinyhttp?sponsor=1"
      }
    },
    "node_modules/@tinyhttp/cookie-signature": {
      "version": "2.1.1",
      "resolved": "https://snapshotrepo.wsgc.com:443/artifactory/api/npm/wsgc-npm/@tinyhttp/cookie-signature/-/cookie-signature-2.1.1.tgz",
      "integrity": "sha1-riyq1q7E7FHULn2FKuNKBBltUTg=",
      "license": "MIT",
      "engines": {
        "node": ">=12.20.0"
      }
    },
    "node_modules/@tinyhttp/cors": {
      "version": "2.0.1",
      "resolved": "https://snapshotrepo.wsgc.com:443/artifactory/api/npm/wsgc-npm/@tinyhttp/cors/-/cors-2.0.1.tgz",
      "integrity": "sha1-f1/3vUe45IFy2OQ4GLjWHqqEA3s=",
      "license": "MIT",
      "dependencies": {
        "@tinyhttp/vary": "^0.1.3"
      },
      "engines": {
        "node": ">=12.20 || 14.x || >=16"
      }
    },
    "node_modules/@tinyhttp/encode-url": {
      "version": "2.1.1",
      "resolved": "https://snapshotrepo.wsgc.com:443/artifactory/api/npm/wsgc-npm/@tinyhttp/encode-url/-/encode-url-2.1.1.tgz",
      "integrity": "sha1-pSvb119UFFUZDRoWsKgTdMjcWH0=",
      "license": "MIT",
      "engines": {
        "node": ">=12.20.0"
      }
    },
    "node_modules/@tinyhttp/etag": {
      "version": "2.1.2",
      "resolved": "https://snapshotrepo.wsgc.com:443/artifactory/api/npm/wsgc-npm/@tinyhttp/etag/-/etag-2.1.2.tgz",
      "integrity": "sha1-NPyRkzvRrM482jpk5TUs5VFKvk4=",
      "license": "MIT",
      "engines": {
        "node": ">=12.20.0"
      }
    },
    "node_modules/@tinyhttp/forwarded": {
      "version": "2.1.2",
      "resolved": "https://snapshotrepo.wsgc.com:443/artifactory/api/npm/wsgc-npm/@tinyhttp/forwarded/-/forwarded-2.1.2.tgz",
      "integrity": "sha1-JHYvjUIuYlU7EB8ZosHGgUfKEP0=",
      "license": "MIT",
      "engines": {
        "node": ">=12.20.0"
      }
    },
    "node_modules/@tinyhttp/logger": {
      "version": "2.1.0",
      "resolved": "https://snapshotrepo.wsgc.com:443/artifactory/api/npm/wsgc-npm/@tinyhttp/logger/-/logger-2.1.0.tgz",
      "integrity": "sha1-xiQaWWdO3doWtTULfmo0GilkO8A=",
      "license": "MIT",
      "dependencies": {
        "colorette": "^2.0.20",
        "dayjs": "^1.11.13",
        "http-status-emojis": "^2.2.0"
      },
      "engines": {
        "node": ">=14.18 || >=16.20"
      }
    },
    "node_modules/@tinyhttp/proxy-addr": {
      "version": "2.2.1",
      "resolved": "https://snapshotrepo.wsgc.com:443/artifactory/api/npm/wsgc-npm/@tinyhttp/proxy-addr/-/proxy-addr-2.2.1.tgz",
      "integrity": "sha1-lAg9xhBWPlfthIbhoYqx6R6hsWg=",
      "license": "MIT",
      "dependencies": {
        "@tinyhttp/forwarded": "2.1.2",
        "ipaddr.js": "^2.2.0"
      },
      "engines": {
        "node": ">=12.20.0"
      }
    },
    "node_modules/@tinyhttp/req": {
      "version": "2.2.5",
      "resolved": "https://snapshotrepo.wsgc.com:443/artifactory/api/npm/wsgc-npm/@tinyhttp/req/-/req-2.2.5.tgz",
      "integrity": "sha1-qR5/S/+lFkB2/cETiZOPbh/tdNE=",
      "license": "MIT",
      "dependencies": {
        "@tinyhttp/accepts": "2.2.3",
        "@tinyhttp/type-is": "2.2.4",
        "@tinyhttp/url": "2.1.1",
        "header-range-parser": "^1.1.3"
      },
      "engines": {
        "node": ">=12.20.0"
      }
    },
    "node_modules/@tinyhttp/res": {
      "version": "2.2.5",
      "resolved": "https://snapshotrepo.wsgc.com:443/artifactory/api/npm/wsgc-npm/@tinyhttp/res/-/res-2.2.5.tgz",
      "integrity": "sha1-JuQXIyGCNa+rAqx7E7QkJ9f3AzE=",
      "license": "MIT",
      "dependencies": {
        "@tinyhttp/content-disposition": "2.2.2",
        "@tinyhttp/cookie": "2.1.1",
        "@tinyhttp/cookie-signature": "2.1.1",
        "@tinyhttp/encode-url": "2.1.1",
        "@tinyhttp/req": "2.2.5",
        "@tinyhttp/send": "2.2.3",
        "@tinyhttp/vary": "^0.1.3",
        "es-escape-html": "^0.1.1",
        "mime": "4.0.4"
      },
      "engines": {
        "node": ">=12.20.0"
      }
    },
    "node_modules/@tinyhttp/router": {
      "version": "2.2.3",
      "resolved": "https://snapshotrepo.wsgc.com:443/artifactory/api/npm/wsgc-npm/@tinyhttp/router/-/router-2.2.3.tgz",
      "integrity": "sha1-opoz2omuc2X1iXrtIPRGY1CSc6Q=",
      "license": "MIT",
      "engines": {
        "node": ">=12.20.0"
      }
    },
    "node_modules/@tinyhttp/send": {
      "version": "2.2.3",
      "resolved": "https://snapshotrepo.wsgc.com:443/artifactory/api/npm/wsgc-npm/@tinyhttp/send/-/send-2.2.3.tgz",
      "integrity": "sha1-cmxACvdsYpY71x/pLm5oOPNaeZY=",
      "license": "MIT",
      "dependencies": {
        "@tinyhttp/content-type": "^0.1.4",
        "@tinyhttp/etag": "2.1.2",
        "mime": "4.0.4"
      },
      "engines": {
        "node": ">=12.20.0"
      }
    },
    "node_modules/@tinyhttp/type-is": {
      "version": "2.2.4",
      "resolved": "https://snapshotrepo.wsgc.com:443/artifactory/api/npm/wsgc-npm/@tinyhttp/type-is/-/type-is-2.2.4.tgz",
      "integrity": "sha1-j1owuzzck90C85nhUtiLgVsO/Jk=",
      "license": "MIT",
      "dependencies": {
        "@tinyhttp/content-type": "^0.1.4",
        "mime": "4.0.4"
      },
      "engines": {
        "node": ">=12.20.0"
      }
    },
    "node_modules/@tinyhttp/url": {
      "version": "2.1.1",
      "resolved": "https://snapshotrepo.wsgc.com:443/artifactory/api/npm/wsgc-npm/@tinyhttp/url/-/url-2.1.1.tgz",
      "integrity": "sha1-d/qJY/W2mLrL3GkSQH+UbTLHk+E=",
      "license": "MIT",
      "engines": {
        "node": ">=12.20.0"
      }
    },
    "node_modules/@tinyhttp/vary": {
      "version": "0.1.3",
      "resolved": "https://snapshotrepo.wsgc.com:443/artifactory/api/npm/wsgc-npm/@tinyhttp/vary/-/vary-0.1.3.tgz",
      "integrity": "sha1-9b6kdp84DEOhWIMqjarY6LGGdXw=",
      "license": "MIT",
      "engines": {
        "node": ">=12.20"
      }
    },
    "node_modules/chalk": {
      "version": "5.6.2",
      "resolved": "https://snapshotrepo.wsgc.com:443/artifactory/api/npm/wsgc-npm/chalk/-/chalk-5.6.2.tgz",
      "integrity": "sha1-sSOLbiPqM3r3HH+KKV21rwwViuo=",
      "license": "MIT",
      "engines": {
        "node": "^12.17.0 || ^14.13 || >=16.0.0"
      },
      "funding": {
        "url": "https://github.com/chalk/chalk?sponsor=1"
      }
    },
    "node_modules/chokidar": {
      "version": "4.0.3",
      "resolved": "https://snapshotrepo.wsgc.com:443/artifactory/api/npm/wsgc-npm/chokidar/-/chokidar-4.0.3.tgz",
      "integrity": "sha1-e+N6TAPJruHs/oYqSiOyxwwgXTA=",
      "license": "MIT",
      "dependencies": {
        "readdirp": "^4.0.1"
      },
      "engines": {
        "node": ">= 14.16.0"
      },
      "funding": {
        "url": "https://paulmillr.com/funding/"
      }
    },
    "node_modules/colorette": {
      "version": "2.0.20",
      "resolved": "https://snapshotrepo.wsgc.com:443/artifactory/api/npm/wsgc-npm/colorette/-/colorette-2.0.20.tgz",
      "integrity": "sha1-nreT5oMwZ/cjWQL807CZF6AAqVo=",
      "license": "MIT"
    },
    "node_modules/dayjs": {
      "version": "1.11.19",
      "resolved": "https://snapshotrepo.wsgc.com:443/artifactory/api/npm/wsgc-npm/dayjs/-/dayjs-1.11.19.tgz",
      "integrity": "sha1-FdyY6FS7Q5F/EgIYBq+JfFiuKTg=",
      "license": "MIT"
    },
    "node_modules/dot-prop": {
      "version": "9.0.0",
      "resolved": "https://snapshotrepo.wsgc.com:443/artifactory/api/npm/wsgc-npm/dot-prop/-/dot-prop-9.0.0.tgz",
      "integrity": "sha1-uuWYL+bca4/duS7+9PLd/yZ3npI=",
      "license": "MIT",
      "dependencies": {
        "type-fest": "^4.18.2"
      },
      "engines": {
        "node": ">=18"
      },
      "funding": {
        "url": "https://github.com/sponsors/sindresorhus"
      }
    },
    "node_modules/es-escape-html": {
      "version": "0.1.1",
      "resolved": "https://snapshotrepo.wsgc.com:443/artifactory/api/npm/wsgc-npm/es-escape-html/-/es-escape-html-0.1.1.tgz",
      "integrity": "sha1-mlgtSXVOxiBFJJUsdqOD/l8DwcA=",
      "license": "MIT",
      "engines": {
        "node": ">=12.x"
      }
    },
    "node_modules/eta": {
      "version": "3.5.0",
      "resolved": "https://snapshotrepo.wsgc.com:443/artifactory/api/npm/wsgc-npm/eta/-/eta-3.5.0.tgz",
      "integrity": "sha1-tyiy1Ko8vOnQjbY4cZpgsx0rDM8=",
      "license": "MIT",
      "engines": {
        "node": ">=6.0.0"
      },
      "funding": {
        "url": "https://github.com/eta-dev/eta?sponsor=1"
      }
    },
    "node_modules/header-range-parser": {
      "version": "1.1.3",
      "resolved": "https://snapshotrepo.wsgc.com:443/artifactory/api/npm/wsgc-npm/header-range-parser/-/header-range-parser-1.1.3.tgz",
      "integrity": "sha1-ZBS1sS47ZF0p2FIlpY/SB9ZtMO8=",
      "license": "MIT",
      "engines": {
        "node": ">=12.22.0"
      }
    },
    "node_modules/http-status-emojis": {
      "version": "2.2.0",
      "resolved": "https://snapshotrepo.wsgc.com:443/artifactory/api/npm/wsgc-npm/http-status-emojis/-/http-status-emojis-2.2.0.tgz",
      "integrity": "sha1-LPMxbwwWEMT8lMb8za2jWqcPmSo=",
      "license": "MIT"
    },
    "node_modules/inflection": {
      "version": "3.0.2",
      "resolved": "https://snapshotrepo.wsgc.com:443/artifactory/api/npm/wsgc-npm/inflection/-/inflection-3.0.2.tgz",
      "integrity": "sha1-L1kcPa0FPj+sZaA79kMbZ12ClgE=",
      "license": "MIT",
      "engines": {
        "node": ">=18.0.0"
      }
    },
    "node_modules/ipaddr.js": {
      "version": "2.2.0",
      "resolved": "https://snapshotrepo.wsgc.com:443/artifactory/api/npm/wsgc-npm/ipaddr.js/-/ipaddr.js-2.2.0.tgz",
      "integrity": "sha1-0z+nusKE9N56+UljjJ1oFXxrkug=",
      "license": "MIT",
      "engines": {
        "node": ">= 10"
      }
    },
    "node_modules/json-server": {
      "version": "1.0.0-beta.3",
      "resolved": "https://snapshotrepo.wsgc.com:443/artifactory/api/npm/wsgc-npm/json-server/-/json-server-1.0.0-beta.3.tgz",
      "integrity": "sha1-37vCzT/Z+upBlYauBFwAqP1ghMo=",
      "license": "SEE LICENSE IN ./LICENSE",
      "dependencies": {
        "@tinyhttp/app": "^2.4.0",
        "@tinyhttp/cors": "^2.0.1",
        "@tinyhttp/logger": "^2.0.0",
        "chalk": "^5.3.0",
        "chokidar": "^4.0.1",
        "dot-prop": "^9.0.0",
        "eta": "^3.5.0",
        "inflection": "^3.0.0",
        "json5": "^2.2.3",
        "lowdb": "^7.0.1",
        "milliparsec": "^4.0.0",
        "sirv": "^2.0.4",
        "sort-on": "^6.1.0"
      },
      "bin": {
        "json-server": "lib/bin.js"
      },
      "engines": {
        "node": ">=18.3"
      }
    },
    "node_modules/json5": {
      "version": "2.2.3",
      "resolved": "https://snapshotrepo.wsgc.com:443/artifactory/api/npm/wsgc-npm/json5/-/json5-2.2.3.tgz",
      "integrity": "sha1-eM1vGhm9wStz21rQxh79ZsHikoM=",
      "license": "MIT",
      "bin": {
        "json5": "lib/cli.js"
      },
      "engines": {
        "node": ">=6"
      }
    },
    "node_modules/lowdb": {
      "version": "7.0.1",
      "resolved": "https://snapshotrepo.wsgc.com:443/artifactory/api/npm/wsgc-npm/lowdb/-/lowdb-7.0.1.tgz",
      "integrity": "sha1-c1SmhFR9diBrHHMLlDRgQjWxJeU=",
      "license": "MIT",
      "dependencies": {
        "steno": "^4.0.2"
      },
      "engines": {
        "node": ">=18"
      },
      "funding": {
        "url": "https://github.com/sponsors/typicode"
      }
    },
    "node_modules/milliparsec": {
      "version": "4.0.0",
      "resolved": "https://snapshotrepo.wsgc.com:443/artifactory/api/npm/wsgc-npm/milliparsec/-/milliparsec-4.0.0.tgz",
      "integrity": "sha1-ulFpqqSSJYfJLyKHjfnIVzCg2JM=",
      "license": "MIT",
      "engines": {
        "node": ">=20"
      }
    },
    "node_modules/mime": {
      "version": "4.0.4",
      "resolved": "https://snapshotrepo.wsgc.com:443/artifactory/api/npm/wsgc-npm/mime/-/mime-4.0.4.tgz",
      "integrity": "sha1-n4UbD8PCidBjsgp6gFWzAUslZks=",
      "funding": [
        "https://github.com/sponsors/broofa"
      ],
      "license": "MIT",
      "bin": {
        "mime": "bin/cli.js"
      },
      "engines": {
        "node": ">=16"
      }
    },
    "node_modules/mrmime": {
      "version": "2.0.1",
      "resolved": "https://snapshotrepo.wsgc.com:443/artifactory/api/npm/wsgc-npm/mrmime/-/mrmime-2.0.1.tgz",
      "integrity": "sha1-vD6H95h4U6VMmFDusfEHjNRK3dw=",
      "license": "MIT",
      "engines": {
        "node": ">=10"
      }
    },
    "node_modules/negotiator": {
      "version": "0.6.4",
      "resolved": "https://snapshotrepo.wsgc.com:443/artifactory/api/npm/wsgc-npm/negotiator/-/negotiator-0.6.4.tgz",
      "integrity": "sha1-d3lI4kUmUcVwtxLdAcI+JicT//c=",
      "license": "MIT",
      "engines": {
        "node": ">= 0.6"
      }
    },
    "node_modules/readdirp": {
      "version": "4.1.2",
      "resolved": "https://snapshotrepo.wsgc.com:443/artifactory/api/npm/wsgc-npm/readdirp/-/readdirp-4.1.2.tgz",
      "integrity": "sha1-64WAFDX78qfuWPGeCSGwaPxplI0=",
      "license": "MIT",
      "engines": {
        "node": ">= 14.18.0"
      },
      "funding": {
        "type": "individual",
        "url": "https://paulmillr.com/funding/"
      }
    },
    "node_modules/regexparam": {
      "version": "2.0.2",
      "resolved": "https://snapshotrepo.wsgc.com:443/artifactory/api/npm/wsgc-npm/regexparam/-/regexparam-2.0.2.tgz",
      "integrity": "sha1-oPaqBXxnscnAlQjEWCPAdVsfblg=",
      "license": "MIT",
      "engines": {
        "node": ">=8"
      }
    },
    "node_modules/sirv": {
      "version": "2.0.4",
      "resolved": "https://snapshotrepo.wsgc.com:443/artifactory/api/npm/wsgc-npm/sirv/-/sirv-2.0.4.tgz",
      "integrity": "sha1-XdmnJcV4405EnzMnA+sqdORqKbA=",
      "license": "MIT",
      "dependencies": {
        "@polka/url": "^1.0.0-next.24",
        "mrmime": "^2.0.0",
        "totalist": "^3.0.0"
      },
      "engines": {
        "node": ">= 10"
      }
    },
    "node_modules/sort-on": {
      "version": "6.1.1",
      "resolved": "https://snapshotrepo.wsgc.com:443/artifactory/api/npm/wsgc-npm/sort-on/-/sort-on-6.1.1.tgz",
      "integrity": "sha1-Jm0McezD5PmwvgUWzzYNY9+VNPM=",
      "license": "MIT",
      "dependencies": {
        "dot-prop": "^9.0.0"
      },
      "engines": {
        "node": ">=18"
      },
      "funding": {
        "url": "https://github.com/sponsors/sindresorhus"
      }
    },
    "node_modules/steno": {
      "version": "4.0.2",
      "resolved": "https://snapshotrepo.wsgc.com:443/artifactory/api/npm/wsgc-npm/steno/-/steno-4.0.2.tgz",
      "integrity": "sha1-m9mw/8ImoflDbykTLIuOcZnSLFA=",
      "license": "MIT",
      "engines": {
        "node": ">=18"
      },
      "funding": {
        "url": "https://github.com/sponsors/typicode"
      }
    },
    "node_modules/totalist": {
      "version": "3.0.1",
      "resolved": "https://snapshotrepo.wsgc.com:443/artifactory/api/npm/wsgc-npm/totalist/-/totalist-3.0.1.tgz",
      "integrity": "sha1-ujo9YAyRWxqXhyNI95wSdHX2rPg=",
      "license": "MIT",
      "engines": {
        "node": ">=6"
      }
    },
    "node_modules/type-fest": {
      "version": "4.41.0",
      "resolved": "https://snapshotrepo.wsgc.com:443/artifactory/api/npm/wsgc-npm/type-fest/-/type-fest-4.41.0.tgz",
      "integrity": "sha1-auHI5XMSc8K/H1itOcuuLJGkbFg=",
      "license": "(MIT OR CC0-1.0)",
      "engines": {
        "node": ">=16"
      },
      "funding": {
        "url": "https://github.com/sponsors/sindresorhus"
      }
    }
  }
}
